# This file is automatically @generated by Cargo.
# It is not intended for manual editing.
version = 3

[[package]]
name = "pb-arena"
version = "0.1.1"
dependencies = [
 "pb-atomic-linked-list",
]

[[package]]
name = "pb-atomic-linked-list"
version = "0.1.1"
source = "registry+https://github.com/rust-lang/crates.io-index"
checksum = "350532269c150e5e34a286b1b93780e767eb3300499bf6ac328cfa2b51be2a45"
